// !$*UTF8*$!
{
	archiveVersion = 1;
	classes = {
	};
	objectVersion = 56;
	objects = {

/* Begin PBXBuildFile section */
		B254DF5A28DEC2EB00996AD6 /* HoneymoonAppApp.swift in Sources */ = {isa = PBXBuildFile; fileRef = B254DF5928DEC2EB00996AD6 /* HoneymoonAppApp.swift */; };
		B254DF5C28DEC2EB00996AD6 /* ContentView.swift in Sources */ = {isa = PBXBuildFile; fileRef = B254DF5B28DEC2EB00996AD6 /* ContentView.swift */; };
		B254DF5E28DEC2ED00996AD6 /* Assets.xcassets in Resources */ = {isa = PBXBuildFile; fileRef = B254DF5D28DEC2ED00996AD6 /* Assets.xcassets */; };
		B254DF6128DEC2ED00996AD6 /* Preview Assets.xcassets in Resources */ = {isa = PBXBuildFile; fileRef = B254DF6028DEC2ED00996AD6 /* Preview Assets.xcassets */; };
		B254DF6A28DEC41A00996AD6 /* sound-rise.mp3 in Resources */ = {isa = PBXBuildFile; fileRef = B254DF6828DEC40800996AD6 /* sound-rise.mp3 */; };
		B254DF6B28DEC41A00996AD6 /* sound-click.mp3 in Resources */ = {isa = PBXBuildFile; fileRef = B254DF6728DEC40800996AD6 /* sound-click.mp3 */; };
		B2F3450828DED743004FAE79 /* HoneymoonModel.swift in Sources */ = {isa = PBXBuildFile; fileRef = B2F3450728DED743004FAE79 /* HoneymoonModel.swift */; };
		B2F3450B28DED789004FAE79 /* HoneymoonData.swift in Sources */ = {isa = PBXBuildFile; fileRef = B2F3450A28DED789004FAE79 /* HoneymoonData.swift */; };
		B2F3450E28DED7E6004FAE79 /* CardView.swift in Sources */ = {isa = PBXBuildFile; fileRef = B2F3450D28DED7E6004FAE79 /* CardView.swift */; };
/* End PBXBuildFile section */

/* Begin PBXFileReference section */
		B254DF5628DEC2EB00996AD6 /* HoneymoonApp.app */ = {isa = PBXFileReference; explicitFileType = wrapper.application; includeInIndex = 0; path = HoneymoonApp.app; sourceTree = BUILT_PRODUCTS_DIR; };
		B254DF5928DEC2EB00996AD6 /* HoneymoonAppApp.swift */ = {isa = PBXFileReference; lastKnownFileType = sourcecode.swift; path = HoneymoonAppApp.swift; sourceTree = "<group>"; };
		B254DF5B28DEC2EB00996AD6 /* ContentView.swift */ = {isa = PBXFileReference; lastKnownFileType = sourcecode.swift; path = ContentView.swift; sourceTree = "<group>"; };
		B254DF5D28DEC2ED00996AD6 /* Assets.xcassets */ = {isa = PBXFileReference; lastKnownFileType = folder.assetcatalog; path = Assets.xcassets; sourceTree = "<group>"; };
		B254DF6028DEC2ED00996AD6 /* Preview Assets.xcassets */ = {isa = PBXFileReference; lastKnownFileType = folder.assetcatalog; path = "Preview Assets.xcassets"; sourceTree = "<group>"; };
		B254DF6728DEC40800996AD6 /* sound-click.mp3 */ = {isa = PBXFileReference; lastKnownFileType = audio.mp3; path = "sound-click.mp3"; sourceTree = "<group>"; };
		B254DF6828DEC40800996AD6 /* sound-rise.mp3 */ = {isa = PBXFileReference; lastKnownFileType = audio.mp3; path = "sound-rise.mp3"; sourceTree = "<group>"; };
		B2F3450728DED743004FAE79 /* HoneymoonModel.swift */ = {isa = PBXFileReference; lastKnownFileType = sourcecode.swift; path = HoneymoonModel.swift; sourceTree = "<group>"; };
		B2F3450A28DED789004FAE79 /* HoneymoonData.swift */ = {isa = PBXFileReference; lastKnownFileType = sourcecode.swift; path = HoneymoonData.swift; sourceTree = "<group>"; };
		B2F3450D28DED7E6004FAE79 /* CardView.swift */ = {isa = PBXFileReference; lastKnownFileType = sourcecode.swift; path = CardView.swift; sourceTree = "<group>"; };
		B2F5461E28DEC935000911BC /* Info.plist */ = {isa = PBXFileReference; lastKnownFileType = text.plist; path = Info.plist; sourceTree = "<group>"; };
/* End PBXFileReference section */

/* Begin PBXFrameworksBuildPhase section */
		B254DF5328DEC2EB00996AD6 /* Frameworks */ = {
			isa = PBXFrameworksBuildPhase;
			buildActionMask = 2147483647;
			files = (
			);
			runOnlyForDeploymentPostprocessing = 0;
		};
/* End PBXFrameworksBuildPhase section */

/* Begin PBXGroup section */
		B254DF4D28DEC2EB00996AD6 = {
			isa = PBXGroup;
			children = (
				B254DF5828DEC2EB00996AD6 /* HoneymoonApp */,
				B254DF5728DEC2EB00996AD6 /* Products */,
			);
			sourceTree = "<group>";
		};
		B254DF5728DEC2EB00996AD6 /* Products */ = {
			isa = PBXGroup;
			children = (
				B254DF5628DEC2EB00996AD6 /* HoneymoonApp.app */,
			);
			name = Products;
			sourceTree = "<group>";
		};
		B254DF5828DEC2EB00996AD6 /* HoneymoonApp */ = {
			isa = PBXGroup;
			children = (
				B254DF6928DEC41300996AD6 /* Sounds */,
				B2F3450928DED775004FAE79 /* Data */,
				B2F3450628DED72B004FAE79 /* Model */,
				B2F3450C28DED7BB004FAE79 /* View */,
				B2F5461E28DEC935000911BC /* Info.plist */,
				B254DF5928DEC2EB00996AD6 /* HoneymoonAppApp.swift */,
				B254DF5D28DEC2ED00996AD6 /* Assets.xcassets */,
				B254DF5F28DEC2ED00996AD6 /* Preview Content */,
			);
			path = HoneymoonApp;
			sourceTree = "<group>";
		};
		B254DF5F28DEC2ED00996AD6 /* Preview Content */ = {
			isa = PBXGroup;
			children = (
				B254DF6028DEC2ED00996AD6 /* Preview Assets.xcassets */,
			);
			path = "Preview Content";
			sourceTree = "<group>";
		};
		B254DF6928DEC41300996AD6 /* Sounds */ = {
			isa = PBXGroup;
			children = (
				B254DF6728DEC40800996AD6 /* sound-click.mp3 */,
				B254DF6828DEC40800996AD6 /* sound-rise.mp3 */,
			);
			path = Sounds;
			sourceTree = "<group>";
		};
		B2F3450628DED72B004FAE79 /* Model */ = {
			isa = PBXGroup;
			children = (
				B2F3450728DED743004FAE79 /* HoneymoonModel.swift */,
			);
			path = Model;
			sourceTree = "<group>";
		};
		B2F3450928DED775004FAE79 /* Data */ = {
			isa = PBXGroup;
			children = (
				B2F3450A28DED789004FAE79 /* HoneymoonData.swift */,
			);
			path = Data;
			sourceTree = "<group>";
		};
		B2F3450C28DED7BB004FAE79 /* View */ = {
			isa = PBXGroup;
			children = (
				B254DF5B28DEC2EB00996AD6 /* ContentView.swift */,
				B2F3450D28DED7E6004FAE79 /* CardView.swift */,
			);
			path = View;
			sourceTree = "<group>";
		};
/* End PBXGroup section */

/* Begin PBXNativeTarget section */
		B254DF5528DEC2EB00996AD6 /* HoneymoonApp */ = {
			isa = PBXNativeTarget;
			buildConfigurationList = B254DF6428DEC2ED00996AD6 /* Build configuration list for PBXNativeTarget "HoneymoonApp" */;
			buildPhases = (
				B254DF5228DEC2EB00996AD6 /* Sources */,
				B254DF5328DEC2EB00996AD6 /* Frameworks */,
				B254DF5428DEC2EB00996AD6 /* Resources */,
			);
			buildRules = (
			);
			dependencies = (
			);
			name = HoneymoonApp;
			productName = HoneymoonApp;
			productReference = B254DF5628DEC2EB00996AD6 /* HoneymoonApp.app */;
			productType = "com.apple.product-type.application";
		};
/* End PBXNativeTarget section */

/* Begin PBXProject section */
		B254DF4E28DEC2EB00996AD6 /* Project object */ = {
			isa = PBXProject;
			attributes = {
				BuildIndependentTargetsInParallel = 1;
				LastSwiftUpdateCheck = 1400;
				LastUpgradeCheck = 1400;
				TargetAttributes = {
					B254DF5528DEC2EB00996AD6 = {
						CreatedOnToolsVersion = 14.0;
					};
				};
			};
			buildConfigurationList = B254DF5128DEC2EB00996AD6 /* Build configuration list for PBXProject "HoneymoonApp" */;
			compatibilityVersion = "Xcode 14.0";
			developmentRegion = en;
			hasScannedForEncodings = 0;
			knownRegions = (
				en,
				Base,
			);
			mainGroup = B254DF4D28DEC2EB00996AD6;
			productRefGroup = B254DF5728DEC2EB00996AD6 /* Products */;
			projectDirPath = "";
			projectRoot = "";
			targets = (
				B254DF5528DEC2EB00996AD6 /* HoneymoonApp */,
			);
		};
/* End PBXProject section */

/* Begin PBXResourcesBuildPhase section */
		B254DF5428DEC2EB00996AD6 /* Resources */ = {
			isa = PBXResourcesBuildPhase;
			buildActionMask = 2147483647;
			files = (
				B254DF6A28DEC41A00996AD6 /* sound-rise.mp3 in Resources */,
				B254DF6B28DEC41A00996AD6 /* sound-click.mp3 in Resources */,
				B254DF6128DEC2ED00996AD6 /* Preview Assets.xcassets in Resources */,
				B254DF5E28DEC2ED00996AD6 /* Assets.xcassets in Resources */,
			);
			runOnlyForDeploymentPostprocessing = 0;
		};
/* End PBXResourcesBuildPhase section */

/* Begin PBXSourcesBuildPhase section */
		B254DF5228DEC2EB00996AD6 /* Sources */ = {
			isa = PBXSourcesBuildPhase;
			buildActionMask = 2147483647;
			files = (
				B2F3450B28DED789004FAE79 /* HoneymoonData.swift in Sources */,
				B2F3450828DED743004FAE79 /* HoneymoonModel.swift in Sources */,
				B254DF5C28DEC2EB00996AD6 /* ContentView.swift in Sources */,
				B254DF5A28DEC2EB00996AD6 /* HoneymoonAppApp.swift in Sources */,
				B2F3450E28DED7E6004FAE79 /* CardView.swift in Sources */,
			);
			runOnlyForDeploymentPostprocessing = 0;
		};
/* End PBXSourcesBuildPhase section */

/* Begin XCBuildConfiguration section */
		B254DF6228DEC2ED00996AD6 /* Debug */ = {
			isa = XCBuildConfiguration;
			buildSettings = {
				ALWAYS_SEARCH_USER_PATHS = NO;
				CLANG_ANALYZER_NONNULL = YES;
				CLANG_ANALYZER_NUMBER_OBJECT_CONVERSION = YES_AGGRESSIVE;
				CLANG_CXX_LANGUAGE_STANDARD = "gnu++20";
				CLANG_ENABLE_MODULES = YES;
				CLANG_ENABLE_OBJC_ARC = YES;
				CLANG_ENABLE_OBJC_WEAK = YES;
				CLANG_WARN_BLOCK_CAPTURE_AUTORELEASING = YES;
				CLANG_WARN_BOOL_CONVERSION = YES;
				CLANG_WARN_COMMA = YES;
				CLANG_WARN_CONSTANT_CONVERSION = YES;
				CLANG_WARN_DEPRECATED_OBJC_IMPLEMENTATIONS = YES;
				CLANG_WARN_DIRECT_OBJC_ISA_USAGE = YES_ERROR;
				CLANG_WARN_DOCUMENTATION_COMMENTS = YES;
				CLANG_WARN_EMPTY_BODY = YES;
				CLANG_WARN_ENUM_CONVERSION = YES;
				CLANG_WARN_INFINITE_RECURSION = YES;
				CLANG_WARN_INT_CONVERSION = YES;
				CLANG_WARN_NON_LITERAL_NULL_CONVERSION = YES;
				CLANG_WARN_OBJC_IMPLICIT_RETAIN_SELF = YES;
				CLANG_WARN_OBJC_LITERAL_CONVERSION = YES;
				CLANG_WARN_OBJC_ROOT_CLASS = YES_ERROR;
				CLANG_WARN_QUOTED_INCLUDE_IN_FRAMEWORK_HEADER = YES;
				CLANG_WARN_RANGE_LOOP_ANALYSIS = YES;
				CLANG_WARN_STRICT_PROTOTYPES = YES;
				CLANG_WARN_SUSPICIOUS_MOVE = YES;
				CLANG_WARN_UNGUARDED_AVAILABILITY = YES_AGGRESSIVE;
				CLANG_WARN_UNREACHABLE_CODE = YES;
				CLANG_WARN__DUPLICATE_METHOD_MATCH = YES;
				COPY_PHASE_STRIP = NO;
				DEBUG_INFORMATION_FORMAT = dwarf;
				ENABLE_STRICT_OBJC_MSGSEND = YES;
				ENABLE_TESTABILITY = YES;
				GCC_C_LANGUAGE_STANDARD = gnu11;
				GCC_DYNAMIC_NO_PIC = NO;
				GCC_NO_COMMON_BLOCKS = YES;
				GCC_OPTIMIZATION_LEVEL = 0;
				GCC_PREPROCESSOR_DEFINITIONS = (
					"DEBUG=1",
					"$(inherited)",
				);
				GCC_WARN_64_TO_32_BIT_CONVERSION = YES;
				GCC_WARN_ABOUT_RETURN_TYPE = YES_ERROR;
				GCC_WARN_UNDECLARED_SELECTOR = YES;
				GCC_WARN_UNINITIALIZED_AUTOS = YES_AGGRESSIVE;
				GCC_WARN_UNUSED_FUNCTION = YES;
				GCC_WARN_UNUSED_VARIABLE = YES;
				IPHONEOS_DEPLOYMENT_TARGET = 16.0;
				MTL_ENABLE_DEBUG_INFO = INCLUDE_SOURCE;
				MTL_FAST_MATH = YES;
				ONLY_ACTIVE_ARCH = YES;
				SDKROOT = iphoneos;
				SWIFT_ACTIVE_COMPILATION_CONDITIONS = DEBUG;
				SWIFT_OPTIMIZATION_LEVEL = "-Onone";
			};
			name = Debug;
		};
		B254DF6328DEC2ED00996AD6 /* Release */ = {
			isa = XCBuildConfiguration;
			buildSettings = {
				ALWAYS_SEARCH_USER_PATHS = NO;
				CLANG_ANALYZER_NONNULL = YES;
				CLANG_ANALYZER_NUMBER_OBJECT_CONVERSION = YES_AGGRESSIVE;
				CLANG_CXX_LANGUAGE_STANDARD = "gnu++20";
				CLANG_ENABLE_MODULES = YES;
				CLANG_ENABLE_OBJC_ARC = YES;
				CLANG_ENABLE_OBJC_WEAK = YES;
				CLANG_WARN_BLOCK_CAPTURE_AUTORELEASING = YES;
				CLANG_WARN_BOOL_CONVERSION = YES;
				CLANG_WARN_COMMA = YES;
				CLANG_WARN_CONSTANT_CONVERSION = YES;
				CLANG_WARN_DEPRECATED_OBJC_IMPLEMENTATIONS = YES;
				CLANG_WARN_DIRECT_OBJC_ISA_USAGE = YES_ERROR;
				CLANG_WARN_DOCUMENTATION_COMMENTS = YES;
				CLANG_WARN_EMPTY_BODY = YES;
				CLANG_WARN_ENUM_CONVERSION = YES;
				CLANG_WARN_INFINITE_RECURSION = YES;
				CLANG_WARN_INT_CONVERSION = YES;
				CLANG_WARN_NON_LITERAL_NULL_CONVERSION = YES;
				CLANG_WARN_OBJC_IMPLICIT_RETAIN_SELF = YES;
				CLANG_WARN_OBJC_LITERAL_CONVERSION = YES;
				CLANG_WARN_OBJC_ROOT_CLASS = YES_ERROR;
				CLANG_WARN_QUOTED_INCLUDE_IN_FRAMEWORK_HEADER = YES;
				CLANG_WARN_RANGE_LOOP_ANALYSIS = YES;
				CLANG_WARN_STRICT_PROTOTYPES = YES;
				CLANG_WARN_SUSPICIOUS_MOVE = YES;
				CLANG_WARN_UNGUARDED_AVAILABILITY = YES_AGGRESSIVE;
				CLANG_WARN_UNREACHABLE_CODE = YES;
				CLANG_WARN__DUPLICATE_METHOD_MATCH = YES;
				COPY_PHASE_STRIP = NO;
				DEBUG_INFORMATION_FORMAT = "dwarf-with-dsym";
				ENABLE_NS_ASSERTIONS = NO;
				ENABLE_STRICT_OBJC_MSGSEND = YES;
				GCC_C_LANGUAGE_STANDARD = gnu11;
				GCC_NO_COMMON_BLOCKS = YES;
				GCC_WARN_64_TO_32_BIT_CONVERSION = YES;
				GCC_WARN_ABOUT_RETURN_TYPE = YES_ERROR;
				GCC_WARN_UNDECLARED_SELECTOR = YES;
				GCC_WARN_UNINITIALIZED_AUTOS = YES_AGGRESSIVE;
				GCC_WARN_UNUSED_FUNCTION = YES;
				GCC_WARN_UNUSED_VARIABLE = YES;
				IPHONEOS_DEPLOYMENT_TARGET = 16.0;
				MTL_ENABLE_DEBUG_INFO = NO;
				MTL_FAST_MATH = YES;
				SDKROOT = iphoneos;
				SWIFT_COMPILATION_MODE = wholemodule;
				SWIFT_OPTIMIZATION_LEVEL = "-O";
				VALIDATE_PRODUCT = YES;
			};
			name = Release;
		};
		B254DF6528DEC2ED00996AD6 /* Debug */ = {
			isa = XCBuildConfiguration;
			buildSettings = {
				ASSETCATALOG_COMPILER_APPICON_NAME = AppIcon;
				ASSETCATALOG_COMPILER_GLOBAL_ACCENT_COLOR_NAME = AccentColor;
				CODE_SIGN_STYLE = Automatic;
				CURRENT_PROJECT_VERSION = 1;
				DEVELOPMENT_ASSET_PATHS = "\"HoneymoonApp/Preview Content\"";
				ENABLE_PREVIEWS = YES;
				GENERATE_INFOPLIST_FILE = YES;
				INFOPLIST_FILE = HoneymoonApp/Info.plist;
				INFOPLIST_KEY_UIApplicationSceneManifest_Generation = YES;
				INFOPLIST_KEY_UIApplicationSupportsIndirectInputEvents = YES;
				INFOPLIST_KEY_UISupportedInterfaceOrientations = UIInterfaceOrientationPortrait;
				LD_RUNPATH_SEARCH_PATHS = (
					"$(inherited)",
					"@executable_path/Frameworks",
				);
				MARKETING_VERSION = 1.0;
				PRODUCT_BUNDLE_IDENTIFIER = com.thoughtworks.HoneymoonApp;
				PRODUCT_NAME = "$(TARGET_NAME)";
				SWIFT_EMIT_LOC_STRINGS = YES;
				SWIFT_VERSION = 5.0;
				TARGETED_DEVICE_FAMILY = "1,2";
			};
			name = Debug;
		};
		B254DF6628DEC2ED00996AD6 /* Release */ = {
			isa = XCBuildConfiguration;
			buildSettings = {
				ASSETCATALOG_COMPILER_APPICON_NAME = AppIcon;
				ASSETCATALOG_COMPILER_GLOBAL_ACCENT_COLOR_NAME = AccentColor;
				CODE_SIGN_STYLE = Automatic;
				CURRENT_PROJECT_VERSION = 1;
				DEVELOPMENT_ASSET_PATHS = "\"HoneymoonApp/Preview Content\"";
				ENABLE_PREVIEWS = YES;
				GENERATE_INFOPLIST_FILE = YES;
				INFOPLIST_FILE = HoneymoonApp/Info.plist;
				INFOPLIST_KEY_UIApplicationSceneManifest_Generation = YES;
				INFOPLIST_KEY_UIApplicationSupportsIndirectInputEvents = YES;
				INFOPLIST_KEY_UISupportedInterfaceOrientations = UIInterfaceOrientationPortrait;
				LD_RUNPATH_SEARCH_PATHS = (
					"$(inherited)",
					"@executable_path/Frameworks",
				);
				MARKETING_VERSION = 1.0;
				PRODUCT_BUNDLE_IDENTIFIER = com.thoughtworks.HoneymoonApp;
				PRODUCT_NAME = "$(TARGET_NAME)";
				SWIFT_EMIT_LOC_STRINGS = YES;
				SWIFT_VERSION = 5.0;
				TARGETED_DEVICE_FAMILY = "1,2";
			};
			name = Release;
		};
/* End XCBuildConfiguration section */

/* Begin XCConfigurationList section */
		B254DF5128DEC2EB00996AD6 /* Build configuration list for PBXProject "HoneymoonApp" */ = {
			isa = XCConfigurationList;
			buildConfigurations = (
				B254DF6228DEC2ED00996AD6 /* Debug */,
				B254DF6328DEC2ED00996AD6 /* Release */,
			);
			defaultConfigurationIsVisible = 0;
			defaultConfigurationName = Release;
		};
		B254DF6428DEC2ED00996AD6 /* Build configuration list for PBXNativeTarget "HoneymoonApp" */ = {
			isa = XCConfigurationList;
			buildConfigurations = (
				B254DF6528DEC2ED00996AD6 /* Debug */,
				B254DF6628DEC2ED00996AD6 /* Release */,
			);
			defaultConfigurationIsVisible = 0;
			defaultConfigurationName = Release;
		};
/* End XCConfigurationList section */
	};
	rootObject = B254DF4E28DEC2EB00996AD6 /* Project object */;
}
